cloud.google.com/go v0.26.0/go.mod h1:aQUYkXzVsufM+DwF1aE+0xfcU+56JwCaLick0ClmMTw=
cloud.google.com/go v0.34.0/go.mod h1:aQUYkXzVsufM+DwF1aE+0xfcU+56JwCaLick0ClmMTw=
github.com/BurntSushi/toml v0.3.1/go.mod h1:xHWCNGjB5oqiDr8zfno3MHue2Ht5sIBksp03qcyfWMU=
github.com/RyuaNerin/go-krypto v1.0.2 h1:9KiZrrBs+tDrQ66dNy4nrX6SzntKtSKdm0wKHhdB4WM=
github.com/RyuaNerin/go-krypto v1.0.2/go.mod h1:17LzMeJCgzGTkPH3TmfzRnEJ/yA7ErhTPp9sxIqONtA=
github.com/aead/skein v0.0.0-20160722084837-9365ae6e95d2 h1:q5TSngwXJdajCyZPQR+eKyRRgI3/ZXC/Nq1ZxZ4Zxu8=
github.com/aead/skein v0.0.0-20160722084837-9365ae6e95d2/go.mod h1:4JBZEId5BaLqvA2DGU53phvwkn2WpeLhNSF79/uKBPs=
github.com/antihax/optional v1.0.0/go.mod h1:uupD/76wgC+ih3iEmQUL+0Ugr19nfwCT1kdvxnR2qWY=
github.com/census-instrumentation/opencensus-proto v0.2.1/go.mod h1:f6KPmirojxKA12rnyqOA5BBL4O983OfeGPqjHWSTneU=
github.com/cespare/xxhash/v2 v2.1.1/go.mod h1:VGX0DQ3Q6kWi7AoAeZDth3/j3BFtOZR5XLFGgcrjCOs=
github.com/client9/misspell v0.3.4/go.mod h1:qj6jICC3Q7zFZvVWo7KLAzC3yx5G7kyvSDkc90ppPyw=
github.com/cncf/udpa/go v0.0.0-20191209042840-269d4d468f6f/go.mod h1:M8M6+tZqaGXZJjfX53e64911xZQV5JYwmTeXPW+k8Sc=
github.com/cncf/udpa/go v0.0.0-20201120205902-5459f2c99403/go.mod h1:WmhPx2Nbnhtbo57+VJT5O0JRkEi1Wbu0z5j0R8u5Hbk=
github.com/cncf/udpa/go v0.0.0-20210930031921-04548b0d99d4/go.mod h1:6pvJx4me5XPnfI9Z40ddWsdw2W/uZgQLFXToKeRcDiI=
github.com/cncf/xds/go v0.0.0-20210805033703-aa0b78936158/go.mod h1:eXthEFrGJvWHgFFCl3hGmgk+/aYT6PnTQLykKQRLhEs=
github.com/cncf/xds/go v0.0.0-20210922020428-25de7278fc84/go.mod h1:eXthEFrGJvWHgFFCl3hGmgk+/aYT6PnTQLykKQRLhEs=
github.com/cncf/xds/go v0.0.0-20211011173535-cb28da3451f1/go.mod h1:eXthEFrGJvWHgFFCl3hGmgk+/aYT6PnTQLykKQRLhEs=
github.com/davecgh/go-spew v1.1.0 h1:ZDRjVQ15GmhC3fiQ8ni8+OwkZQO4DARzQgrnXU1Liz8=
github.com/davecgh/go-spew v1.1.0/go.mod h1:J7Y8YcW2NihsgmVo/mv3lAwl/skON4iLHjSsI+c5H38=
github.com/dchest/siphash v1.2.3 h1:QXwFc8cFOR2dSa/gE6o/HokBMWtLUaNDVd+22aKHeEA=
github.com/dchest/siphash v1.2.3/go.mod h1:0NvQU092bT0ipiFN++/rXm69QG9tVxLAlQHIXMPAkHc=
github.com/dsnet/compress v0.0.1 h1:PlZu0n3Tuv04TzpfPbrnI0HW/YwodEXDS+oPKahKF0Q=
github.com/dsnet/compress v0.0.1/go.mod h1:Aw8dCMJ7RioblQeTqt88akK31OvO8Dhf5JflhBbQEHo=
github.com/dsnet/golib v0.0.0-20171103203638-1ea166775780/go.mod h1:Lj+Z9rebOhdfkVLjJ8T6VcRQv3SXugXy999NBtR9aFY=
github.com/emmansun/gmsm v0.13.6 h1:nS1ncwQHI8FjClU5cMqfRfIpbBdsp+5o6t8yZv7g3Hw=
github.com/emmansun/gmsm v0.13.6/go.mod h1:vVw3xO3ZPkDIsdgPmJ/JIn7PgaZenJSj6FOWU0C+xTQ=
github.com/enceve/crypto v0.0.0-20160707101852-34d48bb93815 h1:D22EM5TeYZJp43hGDx6dUng8mvtyYbB9BnE3+BmJR1Q=
github.com/enceve/crypto v0.0.0-20160707101852-34d48bb93815/go.mod h1:wYFFK4LYXbX7j+76mOq7aiC/EAw2S22CrzPHqgsisPw=
github.com/envoyproxy/go-control-plane v0.9.0/go.mod h1:YTl/9mNaCwkRvm6d1a2C3ymFceY/DCBVvsKhRF0iEA4=
github.com/envoyproxy/go-control-plane v0.9.1-0.20191026205805-5f8ba28d4473/go.mod h1:YTl/9mNaCwkRvm6d1a2C3ymFceY/DCBVvsKhRF0iEA4=
github.com/envoyproxy/go-control-plane v0.9.4/go.mod h1:6rpuAdCZL397s3pYoYcLgu1mIlRU8Am5FuJP05cCM98=
github.com/envoyproxy/go-control-plane v0.9.9-0.20201210154907-fd9021fe5dad/go.mod h1:cXg6YxExXjJnVBQHBLXeUAgxn2UodCpnH306RInaBQk=
github.com/envoyproxy/go-control-plane v0.9.10-0.20210907150352-cf90f659a021/go.mod h1:AFq3mo9L8Lqqiid3OhADV3RfLJnjiw63cSpi+fDTRC0=
github.com/envoyproxy/protoc-gen-validate v0.1.0/go.mod h1:iSmxcyjqTsJpI2R4NaDN7+kN2VEUnK/pcBlmesArF7c=
github.com/frankurcrazy/zuc v0.0.0-20200310092052-de5c7841e4c2 h1:xg06q64n7GVjzbJnSzg7SxUBhAfsxo80f2WlWyE9nZ0=
github.com/frankurcrazy/zuc v0.0.0-20200310092052-de5c7841e4c2/go.mod h1:3MPa8l93WGq4xc3BRWK8jdYAnt5R1y4nlTAR/xLy4z0=
github.com/ghodss/yaml v1.0.0/go.mod h1:4dBDuWmgqj2HViK6kFavaiC9ZROes6MMH2rRYeMEF04=
github.com/golang/glog v0.0.0-20160126235308-23def4e6c14b/go.mod h1:SBH7ygxi8pfUlaOkMMuAQtPIUF8ecWP5IEl/CR7VP2Q=
github.com/golang/mock v1.1.1/go.mod h1:oTYuIxOrZwtPieC+H1uAHpcLFnEyAGVDL/k47Jfbm0A=
github.com/golang/protobuf v1.2.0/go.mod h1:6lQm79b+lXiMfvg/cZm0SGofjICqVBUtrP5yJMmIC1U=
github.com/golang/protobuf v1.3.2/go.mod h1:6lQm79b+lXiMfvg/cZm0SGofjICqVBUtrP5yJMmIC1U=
github.com/golang/protobuf v1.3.3/go.mod h1:vzj43D7+SQXF/4pzW/hwtAqwc6iTitCiVSaWz5lYuqw=
github.com/golang/protobuf v1.4.0-rc.1/go.mod h1:ceaxUfeHdC40wWswd/P6IGgMaK3YpKi5j83Wpe3EHw8=
github.com/golang/protobuf v1.4.0-rc.1.0.20200221234624-67d41d38c208/go.mod h1:xKAWHe0F5eneWXFV3EuXVDTCmh+JuBKY0li0aMyXATA=
github.com/golang/protobuf v1.4.0-rc.2/go.mod h1:LlEzMj4AhA7rCAGe4KMBDvJI+AwstrUpVNzEA03Pprs=
github.com/golang/protobuf v1.4.0-rc.4.0.20200313231945-b860323f09d0/go.mod h1:WU3c8KckQ9AFe+yFwt9sWVRKCVIyN9cPHBJSNnbL67w=
github.com/golang/protobuf v1.4.0/go.mod h1:jodUvKwWbYaEsadDk5Fwe5c77LiNKVO9IDvqG2KuDX0=
github.com/golang/protobuf v1.4.1/go.mod h1:U8fpvMrcmy5pZrNK1lt4xCsGvpyWQ/VVv6QDs8UjoX8=
github.com/golang/protobuf v1.4.2/go.mod h1:oDoupMAO8OvCJWAcko0GGGIgR6R6ocIYbsSw735rRwI=
github.com/golang/protobuf v1.4.3/go.mod h1:oDoupMAO8OvCJWAcko0GGGIgR6R6ocIYbsSw735rRwI=
github.com/golang/protobuf v1.5.0/go.mod h1:FsONVRAS9T7sI+LIUmWTfcYkHO4aIWwzhcaSAoJOfIk=
github.com/golang/protobuf v1.5.2/go.mod h1:XVQd3VNwM+JqD3oG2Ue2ip4fOMUkwXdXDdiuN0vRsmY=
github.com/google/go-cmp v0.2.0/go.mod h1:oXzfMopK8JAjlY9xF4vHSVASa0yLyX7SntLO5aqRK0M=
github.com/google/go-cmp v0.3.0/go.mod h1:8QqcDgzrUqlUb/G2PQTWiueGozuR1884gddMywk6iLU=
github.com/google/go-cmp v0.3.1/go.mod h1:8QqcDgzrUqlUb/G2PQTWiueGozuR1884gddMywk6iLU=
github.com/google/go-cmp v0.4.0/go.mod h1:v8dTdLbMG2kIc/vJvl+f65V22dbkXbowE6jgT/gNBxE=
github.com/google/go-cmp v0.5.0/go.mod h1:v8dTdLbMG2kIc/vJvl+f65V22dbkXbowE6jgT/gNBxE=
github.com/google/go-cmp v0.5.5/go.mod h1:v8dTdLbMG2kIc/vJvl+f65V22dbkXbowE6jgT/gNBxE=
github.com/google/uuid v1.1.2/go.mod h1:TIyPZe4MgqvfeYDBFedMoGGpEw/LqOeaOT+nhxU+yHo=
github.com/grpc-ecosystem/grpc-gateway v1.16.0/go.mod h1:BDjrQk3hbvj6Nolgz8mAMFbcEtjT1g+wF4CSlocrBnw=
github.com/jzelinskie/whirlpool v0.0.0-20201016144138-0675e54bb004 h1:G+9t9cEtnC9jFiTxyptEKuNIAbiN5ZCQzX2a74lj3xg=
github.com/jzelinskie/whirlpool v0.0.0-20201016144138-0675e54bb004/go.mod h1:KmHnJWQrgEvbuy0vcvj00gtMqbvNn1L+3YUZLK/B92c=
github.com/keybase/go-crypto v0.0.0-20200123153347-de78d2cb44f4 h1:cTxwSmnaqLoo+4tLukHoB9iqHOu3LmLhRmgUxZo6Vp4=
github.com/keybase/go-crypto v0.0.0-20200123153347-de78d2cb44f4/go.mod h1:ghbZscTyKdM07+Fw3KSi0hcJm+AlEUWj8QLlPtijN/M=
github.com/klauspost/compress v1.4.1/go.mod h1:RyIbtBH6LamlWaDj8nUwkbUhJ87Yi3uG0guNDohfE1A=
github.com/klauspost/cpuid v1.2.0 h1:NMpwD2G9JSFOE1/TJjGSo5zG7Yb2bTe7eq1jH+irmeE=
github.com/klauspost/cpuid v1.2.0/go.mod h1:Pj4uuM528wm8OyEC2QMXAi2YiTZ96dNQPGgoMS4s3ek=
github.com/klauspost/cpuid/v2 v2.0.12 h1:p9dKCg8i4gmOxtv35DvrYoWqYzQrvEVdjQ762Y0OqZE=
github.com/klauspost/cpuid/v2 v2.0.12/go.mod h1:g2LTdtYhdyuGPqyWyv7qRAmj1WBqxuObKfj5c0PQa7c=
github.com/miscreant/miscreant.go v0.0.0-20200214223636-26d376326b75 h1:cUVxyR+UfmdEAZGJ8IiKld1O0dbGotEnkMolG5hfMSY=
github.com/miscreant/miscreant.go v0.0.0-20200214223636-26d376326b75/go.mod h1:pBbZyGwC5i16IBkjVKoy/sznA8jPD/K9iedwe1ESE6w=
github.com/mmcloughlin/avo v0.4.0/go.mod h1:RW9BfYA3TgO9uCdNrKU2h6J8cPD8ZLznvfgHAeszb1s=
github.com/pedroalbanese/IGE-go v0.0.0-20140730194654-752bc7fd80fb h1:2GTkI6b/GaOzjZSB161w491QrxsHWpxV1FNr7ds+7Jc=
github.com/pedroalbanese/IGE-go v0.0.0-20140730194654-752bc7fd80fb/go.mod h1:EnRxQQGUSvWsqNFSAtGSuyjJKl91Csy57sQ1atRV01k=
github.com/pedroalbanese/b85 v0.0.0-20210908110113-bdd55eedeb3c h1:n3q1iCgq7sYklHPYtd8lpUXbE4A73yP7rGqudla4JEs=
github.com/pedroalbanese/b85 v0.0.0-20210908110113-bdd55eedeb3c/go.mod h1:WAS0MW7Y3WqGIa3jZRUiFgBKAeCv6KaHUdElVhHoERg=
github.com/pedroalbanese/bb4 v0.0.0-20220209223133-b3330877e2ab h1:n3+rA03iEBTljPegZiytttG48Om1+PsOb40MdrBqK3o=
github.com/pedroalbanese/bb4 v0.0.0-20220209223133-b3330877e2ab/go.mod h1:E3LeCe+K41S18dw/CX9PuCk8fPyWUHxriXXmrr8ylp4=
github.com/pedroalbanese/blake256 v0.0.0-20170713140427-6aca07c5447e h1:fQBIZ8P27Y4TAXoY3Y/+TDZhGJLDoRTyh1ctP/XgHZI=
github.com/pedroalbanese/blake256 v0.0.0-20170713140427-6aca07c5447e/go.mod h1:5gQQeeXADClOkGWSusDk866hYd5wRPDwhMTFnD/dzG4=
github.com/pedroalbanese/blake512 v1.0.0 h1:dBUNr144+Hcc0wNs0RzBeqQ38mk1xr8eQmmxD/aKLcI=
github.com/pedroalbanese/blake512 v1.0.0/go.mod h1:SfRWsbl0DlhxOfKvkrHNpmlLhClzTIav7tIszjv6rjs=
github.com/pedroalbanese/bn v0.0.0 h1:pV9Ep7zXxK9djpzq9aRo6oQaqfQvffz6B48uPizco2Y=
github.com/pedroalbanese/bn v0.0.0/go.mod h1:C7WPmU1dzlGyBYvOo8udlQcctTinKG0u7OL9nyjGwVo=
github.com/pedroalbanese/brotli v1.0.4 h1:6VWFEAnnFoI0X6DSqS+obJRtZm456wan7KWda4+VD1A=
github.com/pedroalbanese/brotli v1.0.4/go.mod h1:6PlRF4gHFNupZxd8Ns13IW3mpcdVGzo8xXON53XarUU=
github.com/pedroalbanese/cmac v0.0.0-20210429130952-a58975ec8f4c h1:mX7NRMOVOwh5IVth4a/wsF5ZSO8uAZ6/NNepa07u9jg=
github.com/pedroalbanese/cmac v0.0.0-20210429130952-a58975ec8f4c/go.mod h1:5AAl1CY49A0PRTLlbGIOkmWLRyDY3c9WfBjdOWDGWww=
github.com/pedroalbanese/crc24 v0.0.0-20220411194215-2f379c133437 h1:0rO7oBzRVcP72Ah3/5jujM5LaFonLml5XzcOZDSIGjI=
github.com/pedroalbanese/crc24 v0.0.0-20220411194215-2f379c133437/go.mod h1:zNcA33d9aNdsUCFHqV0ZMWznG06ytZIrzIH55KG80XQ=
github.com/pedroalbanese/crypto v0.0.0-20211010220747-e99d18c7ebe9 h1:x0ao6/1ox6Tml6nnhS9+qtJdZME4w4rprqgt86Ybkus=
github.com/pedroalbanese/crypto v0.0.0-20211010220747-e99d18c7ebe9/go.mod h1:5cDdJVhbinbOlgaYbV5VCTcU+3BxpeGfWAGwyjoAcbg=
github.com/pedroalbanese/cubehash v0.0.0 h1:y9AhRV9uJx6tnGeoWg2eC91TkTsjRqsdxSQOpbubSlE=
github.com/pedroalbanese/cubehash v0.0.0/go.mod h1:QqD7USkRZMUwdDsx0SR2EqgIpN8MZhtQuYMG8R9IqeI=
github.com/pedroalbanese/dos2unix v1.0.1 h1:xRWUMC6c8teT66QXhb24CXGQtbMMSVGbql0QapepzqE=
github.com/pedroalbanese/dos2unix v1.0.1/go.mod h1:p2GMz1ShjQUSJiMbDfppiUeMb2RPi4AUVGaA6qSicWU=
github.com/pedroalbanese/eccrypt v0.0.3 h1:gnaMUQ4q4BZX2V3Hw54ZDc6sqMsSijMzeGmlBPQdwt4=
github.com/pedroalbanese/eccrypt v0.0.3/go.mod h1:ZheyYWbrNgc6TmjXrBFKBJe4+yafltg4RNC2Vqxh8KY=
github.com/pedroalbanese/edgetk/ccm v0.0.0-20220726201316-2f4941f07a8b h1:vvATtk1mxboiNVpYOvV7LjlnU5egPAIIuiAlAvU0Zto=
github.com/pedroalbanese/edgetk/ccm v0.0.0-20220726201316-2f4941f07a8b/go.mod h1:3185tmt07ik9rIFFBlTYBUwjm3AzW9q1M7aOIle9QDY=
github.com/pedroalbanese/edgetk/cfb8 v0.0.0-20220726201316-2f4941f07a8b h1:2mAm9AmVk+ZLLq2EvD0IqI/99tiXqmKqQdTxtoBZ3wE=
github.com/pedroalbanese/edgetk/cfb8 v0.0.0-20220726201316-2f4941f07a8b/go.mod h1:jkWKug9QGcOKrV+XV8JciheejRbZcdWfGOdTsDHbu4A=
github.com/pedroalbanese/edgetk/eax v0.0.0-20220726201316-2f4941f07a8b h1:1EKnMTu1gTdvYdm1cEwqJz/pCFhuIGcZo3knrUpp0CI=
github.com/pedroalbanese/edgetk/eax v0.0.0-20220726201316-2f4941f07a8b/go.mod h1:UlvrV2QWWBphQq19205Swel/YhKQChSusWJHDbP+SRY=
github.com/pedroalbanese/edgetk/groestl v0.0.0-20220726201316-2f4941f07a8b h1:tkXsuQbVEIPuiiZUkM+ytJBcn4QH+Kd8etEMc6T4a6w=
github.com/pedroalbanese/edgetk/groestl v0.0.0-20220726201316-2f4941f07a8b/go.mod h1:pmSBmdhEcgc+3Qjuv5R7jiiz28eZiFEP5pWpEA9jQVE=
github.com/pedroalbanese/edgetk/jh v0.0.0-20220726201316-2f4941f07a8b h1:2avp+JfVUv5EP6A76WMpMsc/mnkIvtKKElgpZ5LM/IU=
github.com/pedroalbanese/edgetk/jh v0.0.0-20220726201316-2f4941f07a8b/go.mod h1:JTtJxLoxjEokmvvJ2aXCrcfaZoZ3rgVDRVsK4Mb4xpE=
github.com/pedroalbanese/edgetk/ocb v0.0.0-20211030191647-f8a58b6f3737/go.mod h1:Xi4oEai90bB2kcsQWcvKvdo4R929dwl0enqezooyvNo=
github.com/pedroalbanese/edgetk/ocb v0.0.0-20220726201316-2f4941f07a8b h1:Fa1NQPST5bWfAnMwtZMhWjiW77A7nPmgs/BKh87ATpg=
github.com/pedroalbanese/edgetk/ocb v0.0.0-20220726201316-2f4941f07a8b/go.mod h1:Xi4oEai90bB2kcsQWcvKvdo4R929dwl0enqezooyvNo=
github.com/pedroalbanese/edgetk/threefish v0.0.0-20220726201316-2f4941f07a8b h1:DjtkhIeLiuqvWDuCEUSTkA/f+z8iI84ywWuFGOs9d00=
github.com/pedroalbanese/edgetk/threefish v0.0.0-20220726201316-2f4941f07a8b/go.mod h1:aljcezYXH8HHjTVSKn0tv3xgH1OvHseeEkfkdZBPl4I=
github.com/pedroalbanese/frp256v1 v0.0.1 h1:n2tgRjUzuJPars2RP1g1MycSgj+160kSh6PLxHV1Seg=
github.com/pedroalbanese/frp256v1 v0.0.1/go.mod h1:SR4Hs4jO6qwp6ETOZfL5C1msUCU//1vkM+482MiBTRU=
github.com/pedroalbanese/gmsm v1.5.0 h1:qWliWkoYrHdR5GKdvHvZAjErtB+CCkn4wjux/lnBGXY=
github.com/pedroalbanese/gmsm v1.5.0/go.mod h1:pBgr0x1xys7hFPD8E4QWFSUg1lmO3ZDWvtlAhzLzkUw=
github.com/pedroalbanese/gmtls v1.2.3 h1:7k73l2kGHHeuUVpu1C1FJIRNhSsJxDgcSutMSNAl2n0=
github.com/pedroalbanese/gmtls v1.2.3/go.mod h1:AwNv20/2w9vqb3uU9OT91DfJPdpF8HJDC0zG/sExc4Q=
github.com/pedroalbanese/go-a51 v0.0.0-20180326005844-7fcd53f8734f h1:CdmJcpu3AX1HBCo6BJDvzskIV8MjLMh27cwiPZDpa8E=
github.com/pedroalbanese/go-a51 v0.0.0-20180326005844-7fcd53f8734f/go.mod h1:/m+ADWnkChl0glC68aKmbcYahmovoVoAoCSh2fE9n3Y=
github.com/pedroalbanese/go-chaskey v0.0.0-20211015221446-013fc2e4d86d h1:xc8yvZkW3LhJrWOp6L4rDANV+FNogLgfyr97lm7+yEQ=
github.com/pedroalbanese/go-chaskey v0.0.0-20211015221446-013fc2e4d86d/go.mod h1:5F8Scq4sW8D+yL/o8yrNT6R5PeamiYpW9DAu3i7kE6c=
github.com/pedroalbanese/go-crypto v0.0.0-20210629185328-6456f2362666 h1:DDhq/muGbQiTAZRTp2FpGct5k/5Q+L5b9gcbm+kcTYg=
github.com/pedroalbanese/go-crypto v0.0.0-20210629185328-6456f2362666/go.mod h1:eznMRgOn+FDaoellwUpYVWOC74LJPx8v4PiU4sYYZlc=
github.com/pedroalbanese/go-external-ip v0.0.0-20200601212049-c872357d968e h1:VUR1tH5e1MXJgiJNq+8kh8ztihi5/wrkuIEG4bmYpBU=
github.com/pedroalbanese/go-external-ip v0.0.0-20200601212049-c872357d968e/go.mod h1:SvmxrS/2giIWAuUE60MY8tf9mgI0gBLc1Q1W4juTans=
github.com/pedroalbanese/go-idea v0.0.0-20170306091226-d2fb45a411fb h1:DbXfqQlMrVOoCnlaUvadwU9wlmuEcTHD1AJjDzls5KI=
github.com/pedroalbanese/go-idea v0.0.0-20170306091226-d2fb45a411fb/go.mod h1:MCFBIvwimQFbM99CHdVwTKr7PhaYgQpsK8zRRECmACk=
github.com/pedroalbanese/go-misty1 v0.0.0-20150819220543-a3984aec4fae h1:PVfyVgFdoXAjRuwM4dqEUlIXNrY0gwKeyJ9z/9AbTZ0=
github.com/pedroalbanese/go-misty1 v0.0.0-20150819220543-a3984aec4fae/go.mod h1:nc3lEnA3uS8fyzDdV4TJ0LPv1gpFy/0pxiz6CFb1vbI=
github.com/pedroalbanese/go-password-validator v0.3.1 h1:VZA76uVVkQQYPuZXU0OsiivV6Ml3FmdiDYPMNbyK8G4=
github.com/pedroalbanese/go-password-validator v0.3.1/go.mod h1:ipIGooc1M3GBcx5EbQ+ZqWO0n3c/fPekbMIp0gbjTTc=
github.com/pedroalbanese/go-rc5 v0.0.0-20181025211356-a14dd155920a h1:A44dEfQF9P/nft5Oi/lteB6Tk3krO+xe3r65D2FiMZc=
github.com/pedroalbanese/go-rc5 v0.0.0-20181025211356-a14dd155920a/go.mod h1:nVuhsla4svgWTrzUbeg75dMmFkaqmnTabTVE2OmK3bA=
github.com/pedroalbanese/go-ripemd v0.0.0-20200326052756-bd1759ad7d10 h1:iu0q912gVo1C2uZBdh875c/Ht1gstFAjMYjrgm9AL9Y=
github.com/pedroalbanese/go-ripemd v0.0.0-20200326052756-bd1759ad7d10/go.mod h1:njkESwAoSiroc25e1pcoqQVlecnhnW62Bf7VTQal2SY=
github.com/pedroalbanese/go-skip32 v0.0.0-20151116144831-0e0460d2a555 h1:eKX5ken/gOZ78vvSaFl371Q9eTPCotxayZSehQdarHw=
github.com/pedroalbanese/go-skip32 v0.0.0-20151116144831-0e0460d2a555/go.mod h1:Ewq0r1ouinxt5N7H3LThXlRoKqS2RzVdIMh68tzkG5Q=
github.com/pedroalbanese/go-skipjack v0.0.0-20150401095227-f3a984a142ab h1:pfPlojU/Z5qxdn1CVOQhbw+BHFnquwBSWDeJSgLXibI=
github.com/pedroalbanese/go-skipjack v0.0.0-20150401095227-f3a984a142ab/go.mod h1:HLRCe1TmLwaWN6n6OA1B2QpLH6Fv2j/atYUMMegM5y0=
github.com/pedroalbanese/go-twine v0.0.0-20140427120416-b6e670d772bc h1:kDRiou0pA3tMbg5RytbCaUh/cDxa4npA1kBWeBauNjo=
github.com/pedroalbanese/go-twine v0.0.0-20140427120416-b6e670d772bc/go.mod h1:NNh3lXwjK1U01GBdA0DoFUyuQY44vBHdLZWeyq4NgwM=
github.com/pedroalbanese/gocurves v0.0.0 h1:TSsBQmiF4JN0tzdor/MwmmEGNLOnlTr74KCTyJRTbOM=
github.com/pedroalbanese/gocurves v0.0.0/go.mod h1:GLPPqHB5N2YMLntnpgpZVddTeA/YjET58DU4hag8JVo=
github.com/pedroalbanese/gogost v0.0.0-20220417104440-4d34dbc5957c h1:ZTaxii+Lx3DYndAJyT+j/33lFbcGi5KegVJ8fksd8QA=
github.com/pedroalbanese/gogost v0.0.0-20220417104440-4d34dbc5957c/go.mod h1:OE57eDVJnUjrOz821fgDD0maXt4RmTXjoXTaTv7f3wM=
github.com/pedroalbanese/golang-rc6 v0.0.0-20171020213708-7e963904073b h1:aIug4aa0jwDs7ndb4VQkWIBlxYNI1vVzySLl75o0LXs=
github.com/pedroalbanese/golang-rc6 v0.0.0-20171020213708-7e963904073b/go.mod h1:U5LDgTiKPvfGSW0YVFj8phoFCxWx2+V/CxyfXmODHco=
github.com/pedroalbanese/gost-shred v1.0.0 h1:SAt1e5g9P3TSsWq7Wuep6RnBt6W9F2gBXwxvqd5+XSM=
github.com/pedroalbanese/gost-shred v1.0.0/go.mod h1:XUI6XwNsx4dr1SkBV9BL4UlqLe9uk6fdW4gg++HF9fc=
github.com/pedroalbanese/gost2001 v0.0.0 h1:XOkVho6qzcPyI+5H406dZ33u8GnIo0qiBcwkyGDrRhg=
github.com/pedroalbanese/gost2001 v0.0.0/go.mod h1:xVBQTGnhSbPvmLtRTENRmedPWkPSyT9EdSkntd9N9T4=
github.com/pedroalbanese/gost2012 v0.0.1 h1:znC8MfdeJ+AftZ7uEY07l+HMjaDF0Qo3UPElaAPQsYA=
github.com/pedroalbanese/gost2012 v0.0.1/go.mod h1:/7JtmT/ZKwZdntv0PfZaLyTxAeVknpQrR/QrprUhgeI=
github.com/pedroalbanese/gostribog v0.0.0-20140929084232-33bce6808ee9 h1:o28dUcUGvUqJnAOrx2GKx+8SFxKdD6o4p2P1Nzt2C2s=
github.com/pedroalbanese/gostribog v0.0.0-20140929084232-33bce6808ee9/go.mod h1:Ji5XgtNVh1Ki91ajatM57otiL5ZBpPiB+F9XzoMIkmo=
github.com/pedroalbanese/groestl v0.0.0-20220128214836-60c8834003e9 h1:4coAJ296fXtstxHG9zPT0c99ibawoNouKPJiR4aMycw=
github.com/pedroalbanese/groestl v0.0.0-20220128214836-60c8834003e9/go.mod h1:nYspmiUzgmuD8WKz0y6LJGPSvaRog/kieJ4ntdz69ak=
github.com/pedroalbanese/groestl v1.0.0 h1:vyPfrjbEmgMh8s3h9dZbU5KhwdBjbP10ytcZ6Al1LDE=
github.com/pedroalbanese/haraka v0.0.0-20180824194238-3cf1081eecd7 h1:ZlrjMhDWGMNArNgUHyoBB8i3lSAEAu2QlMaP97Go73U=
github.com/pedroalbanese/haraka v0.0.0-20180824194238-3cf1081eecd7/go.mod h1:cCbAP1i+ZYSWsGVvukP8j1dujpeYSmqWBLgjO7aMUi4=
github.com/pedroalbanese/isaac v0.0.0-20140912005206-75fea993003b h1:8/uKZpJ6L8xbwlv8Ione+sb8zS6eQvzo7IB8Th9mfSI=
github.com/pedroalbanese/isaac v0.0.0-20140912005206-75fea993003b/go.mod h1:snsgBWB9UIVlhVvukyCP+m9w5md3HEiqwoiJwplMi7M=
github.com/pedroalbanese/koblitz v0.0.0-20220202000818-5af6b1fd4432 h1:7HSsnj0rn88pQQUIEgQl+ldR6Y2Zy2y6/Xg9TE0Q4xg=
github.com/pedroalbanese/koblitz v0.0.0-20220202000818-5af6b1fd4432/go.mod h1:7PeacLpKFOjsXyWVG8TZSriAYsZa15c0JGbzYC7WkzA=
github.com/pedroalbanese/kuznechik v0.0.0 h1:JiVREgKdbKnvof57hL1sCkatIy97JBymQwUUDrorSEo=
github.com/pedroalbanese/kuznechik v0.0.0/go.mod h1:mRbUXtz1RYBvxIjCRPSM4fw6/KPfBRVh3jiX3BMhHO8=
github.com/pedroalbanese/lwcrypto v1.0.0 h1:EPOWf88eP1qTAXsu6RMtvqUXy9txqBcQ2IfCmvc5Fn0=
github.com/pedroalbanese/lwcrypto v1.0.0/go.mod h1:LO7C74GlWmjlL7JR6/lY69xAp5Wn2UMPRsJvFOwdOBg=
github.com/pedroalbanese/lzma v0.0.0 h1:tkIQnFVkpHQILbsFIIKCOSiWprx2iJDtSywiy2bzh7M=
github.com/pedroalbanese/lzma v0.0.0/go.mod h1:eo5Qu8YELGGFChOoemO7pMcUDu/s+FA/QOincBxSyW4=
github.com/pedroalbanese/oakley192 v0.0.0 h1:tNfP+Rf4DTR9Gr9FN6kGoGOf5scu74G7ftG8Fq0ANv4=
github.com/pedroalbanese/oakley192 v0.0.0/go.mod h1:XzkoocOUjuOwDhzSpBypsZm8uR1SCC4KQUJGmhjlxZw=
github.com/pedroalbanese/oakley256 v0.0.0-20220403191439-edd418deb2d6 h1:EJx/JsbOzzlzYsXxzM4PW2zke/UHt1c1btxrlPzQpng=
github.com/pedroalbanese/oakley256 v0.0.0-20220403191439-edd418deb2d6/go.mod h1:pgc59X7c2vCB5B0HVnXbX6UpN/iZezybhlpR+sJ+f90=
github.com/pedroalbanese/pearson v1.0.1 h1:Ofhob0QATFCLTTfVVFSzqnDWdfhLYU3sNR/5EC/MIzI=
github.com/pedroalbanese/pearson v1.0.1/go.mod h1:GDEAE093jHf1HxFpxCudBOMWHpI0s2FB9FWwZ565RpE=
github.com/pedroalbanese/pmac v0.0.0-20220627194402-f0cad01ed05b h1:Jl9ihCm8ORBM81uL33VMSNwyiulb9Bp4cFhNJ2r/KII=
github.com/pedroalbanese/pmac v0.0.0-20220627194402-f0cad01ed05b/go.mod h1:gcomSeqoCX+TqezdqwWmawVM3fMYfkQzPQGvdD05oa0=
github.com/pedroalbanese/present v0.0.0-20180830042344-3a4450fb5c26 h1:I5RVpe+pLYGNCq7QwTRnZqpZc7BSm1RMOQpj7MdvR4U=
github.com/pedroalbanese/present v0.0.0-20180830042344-3a4450fb5c26/go.mod h1:icukKC0YVdziTf84j3RMM/gsgkOevawx6RK5ryq9rCA=
github.com/pedroalbanese/prime192 v0.0.0 h1:U+CBJecgb2QGPiufkv7TC/IBP+X8InoWnl08rqrwrig=
github.com/pedroalbanese/prime192 v0.0.0/go.mod h1:EsU08ZjTpvzDeZwpca231TUUD+I6vEP9GjfJ1u24+kY=
github.com/pedroalbanese/rabbitio v0.0.0-20220208234849-d787bdee8d54 h1:XyKQ4UFaJAPWBuFaqsePapMJ4E5vR4ToDWI971FK4Nw=
github.com/pedroalbanese/rabbitio v0.0.0-20220208234849-d787bdee8d54/go.mod h1:MmrAYZpoio8QcKfgalZGmVW+i2MJnnTqE99jDfBIgyE=
github.com/pedroalbanese/radix64 v0.0.0-20120329161309-2f301a85433c h1:BHzn3o/7gzVuHlnTas101SekvUd7P9tf0qtT7+KyTuk=
github.com/pedroalbanese/radix64 v0.0.0-20120329161309-2f301a85433c/go.mod h1:SIyKfXhcCodsTNGamslfHQ5CewBa2ivCCCNbXbusqnI=
github.com/pedroalbanese/randomart v0.0.0-20130402080559-540116cac932 h1:lhyWm5kEilIJI800qc210GWsjJmln9o3vEr71nur//U=
github.com/pedroalbanese/randomart v0.0.0-20130402080559-540116cac932/go.mod h1:VkPk1ppMWhMMgMxu4kLy8vGEvxY3Q+hp/SN9za0GKxc=
github.com/pedroalbanese/rtea v0.0.0-20170328121403-ad122652b349 h1:m2NJrOO6yVIOTGla5MyR275Br4hAZ9p4P6wI1JMM5KA=
github.com/pedroalbanese/rtea v0.0.0-20170328121403-ad122652b349/go.mod h1:b6GZBRUux9ZJrNj/ZcUcK2PGINQT9UMqilq6viN3BgU=
github.com/pedroalbanese/seahash v1.0.1 h1:EE0Qb8uVQvwBxUU11Anp0YbEc+cqlkAm5QOrZTuQE28=
github.com/pedroalbanese/seahash v1.0.1/go.mod h1:Gj23HbSbyQxmZTeH+hDZ0ZKV5IuyWxS7spQTNPrWsok=
github.com/pedroalbanese/sealion v0.0.0-20200414121007-815da294ff23 h1:tWxxIelNLkzmCZJmrwyTX7RlGmGu+TXkVitqegq/tD0=
github.com/pedroalbanese/sealion v0.0.0-20200414121007-815da294ff23/go.mod h1:MYgbKlnOFxPSjkhdbLA9jl0fBZMn4laLHRepES3My/E=
github.com/pedroalbanese/seaturtle v0.0.0-20200419151504-47571482b459 h1:a6BUJsTmsL0Ul/5hGnnFlxOfC6o21NbbBzXEZbeNPu0=
github.com/pedroalbanese/seaturtle v0.0.0-20200419151504-47571482b459/go.mod h1:vzEQcsmNod/RphRMbnazX2AcuvRkIC9uTNfbO1WRRLU=
github.com/pedroalbanese/secp112r1 v0.0.0-20220404211710-dc4406484050 h1:yk6gOP17+7P5qkq3ibBOLRURCK4tPp3xlIj9LBFgOCg=
github.com/pedroalbanese/secp112r1 v0.0.0-20220404211710-dc4406484050/go.mod h1:yxPbqMuqg16TW1sN+yIWZXcuFeKElw0blrCNPSkpNaU=
github.com/pedroalbanese/secp128r1 v0.0.0-20220130173619-3d243a6ec4b5 h1:Ge1Kq86qCdxzuqIdyXEjSoq0iylH5ZQCh7GGtJQx1ZM=
github.com/pedroalbanese/secp128r1 v0.0.0-20220130173619-3d243a6ec4b5/go.mod h1:KmeqGbBwNrO/RrdL8/XjGJamAxCATPwr6/7dMBBuyPs=
github.com/pedroalbanese/secp160r1 v1.0.1 h1:LeLwPLF4Bc7PXH6Lgzz0NTJup+AShcQU26h+ZqR7/rQ=
github.com/pedroalbanese/secp160r1 v1.0.1/go.mod h1:5qxXHCqiPztThnPdtazvUA8iL2GXvI1BOOSAu7KvIeg=
github.com/pedroalbanese/secp160r2 v0.0.0-20220201211256-f2eb33b4954b h1:JjOKF3VwW7tlptM8AlXOoyagUn/sDJ1Kv/Js1RTMIS8=
github.com/pedroalbanese/secp160r2 v0.0.0-20220201211256-f2eb33b4954b/go.mod h1:OvDvDiFliJXdVI0PXhFBRMDv7AKkXAx2pd20ld5Zh5U=
github.com/pedroalbanese/shannon v0.0.0-20171225233850-cd2e2d6b8858 h1:r92EfdjxLNizlrx0ON8cAcbeK5Mti0UPzhzSQA60e6U=
github.com/pedroalbanese/shannon v0.0.0-20171225233850-cd2e2d6b8858/go.mod h1:7puna8/yfRk8oYgrxogl7ve7uwNQpPzXsEt2nSZGsMk=
github.com/pedroalbanese/simonspeck v0.0.0-20130820134050-78bf44ca1a5f h1:WJp9HMeWvrwM5IZ8wAx29nrtZi9Sbd6PSVPZOBZSE3c=
github.com/pedroalbanese/simonspeck v0.0.0-20130820134050-78bf44ca1a5f/go.mod h1:yiiOojmOEQeTM5zILvyHvh84s+QBYhimZCa42wv+TyE=
github.com/pedroalbanese/simpleini v0.0.0-20141113213345-c457492c1723 h1:7znmfEGRNMLIbltwc3ddafedHpO0MdoV8KMozXx17kQ=
github.com/pedroalbanese/simpleini v0.0.0-20141113213345-c457492c1723/go.mod h1:E9r51Vg+EBJgL2u7y9mjOWAaRIaioZortsfgEnoQDVw=
github.com/pedroalbanese/siphash v1.0.1 h1:T+TonhTNw2HlCrsEBuaNb7lDOx4Kw6V4RpjDVRaNKHc=
github.com/pedroalbanese/siphash v1.0.1/go.mod h1:jrEGQdGbMiXT88+cH4rWlcyCMUTjPbL5nAA44uYurV8=
github.com/pedroalbanese/siv v0.0.1 h1:ZLyyFpOE9FxN8qeZ4sJ/1oFiJqIyl6ULioQmVqWVo04=
github.com/pedroalbanese/siv v0.0.1/go.mod h1:IxNtjuS7uHQFc/4VL5Wudh0KoBZWWv4EvVnjY1yIpFs=
github.com/pedroalbanese/skein v0.0.0-20210610201802-be2d7cb3bc9a h1:GVGbLHeASlKF+WgOFSSWDY1nD+PL4qf5zOdZGRmu2lM=
github.com/pedroalbanese/skein v0.0.0-20210610201802-be2d7cb3bc9a/go.mod h1:J5wSYblFVORXYLHPm3JoIZfB8yd3VI7C2TIfLLddO/Y=
github.com/pedroalbanese/skein-1 v0.0.0-20171112102903-d7f1022db390 h1:OTTGLPoKatDyEYGK0xzhoTdCdNK51yXB9dTwKobeV44=
github.com/pedroalbanese/skein-1 v0.0.0-20171112102903-d7f1022db390/go.mod h1:xQQEatlQb9wuT6Wkhjheo7jz6ToP55zd8PB2pm+2mT0=
github.com/pedroalbanese/sm2 v0.0.1 h1:3Cwg5S/GwkB3NiuuxRaLL3/iEUBIX2ecppY3mApWfG0=
github.com/pedroalbanese/sm2 v0.0.1/go.mod h1:7mx/PdmlAGLeQttlEX3ItvU1hYX2N1zboZGi0LscFYk=
github.com/pedroalbanese/sm9 v0.0.1 h1:ZW+BHdjzNKQlhAMuAoRefqXEuhT4NzU/fdwp1VfOhoE=
github.com/pedroalbanese/sm9 v0.0.1/go.mod h1:18cgNr8JzCboXUy9bD6tT+7n5MX6HheMIJOTp71+yxU=
github.com/pedroalbanese/snow3g v1.0.1 h1:8nC7KSth+L47YwVDvYhbg2/UdAavzuua1vMvNdQxYag=
github.com/pedroalbanese/snow3g v1.0.1/go.mod h1:zUS2kg7BcwsDH51jTpTufAiPJGYQu/ZBvP/BoDTb2aM=
github.com/pedroalbanese/tiger v0.0.0-20220128183340-a7e964767a9d h1:L0+QApMpJpdoNfEa/jziiTLNz3a+huk0B2kmTKmOx20=
github.com/pedroalbanese/tiger v0.0.0-20220128183340-a7e964767a9d/go.mod h1:iPwiPHMetkupe2zwZyiBaTx0r4V3J5aVS/75uLCASfI=
github.com/pedroalbanese/trivium v0.0.0-20170225064545-3bc0ea456f63 h1:yCEZ0ctjjiIr8EAUqqfcLc+wO51WkMpuNd/j/bZ94KU=
github.com/pedroalbanese/trivium v0.0.0-20170225064545-3bc0ea456f63/go.mod h1:vwudD8Hl3PTug52vZyuCk56sZkJho/UOPrZ0mNLAliw=
github.com/pedroalbanese/wapi v0.0.0-20220419221858-27164aa33eb7 h1:REpqHgRovHdp0DjuCrRW+NU9KZh+z7yi7DYm7RetGq0=
github.com/pedroalbanese/wapi v0.0.0-20220419221858-27164aa33eb7/go.mod h1:FvfQJl95Wx48fXHqaEoImh0jzP5DeZHt1fKMTvPvqQo=
github.com/pedroalbanese/whirlpool v0.0.0-20201016144138-0675e54bb004 h1:C+a7tNE25jByW7JE7bvt/X+x/D61GHfwR1O/MVs3MjU=
github.com/pedroalbanese/whirlpool v0.0.0-20201016144138-0675e54bb004/go.mod h1:hmEg12nLjNeVJaroqA6z3wubkSxGRVohaAD4cNuysRg=
github.com/pedroalbanese/wtls v0.0.0 h1:Qdu+sIEIp4GqZZx4tVDrF2e8Gpd4jdiq2XUj1v26s+Q=
github.com/pedroalbanese/wtls v0.0.0/go.mod h1:iCJ9/XqG2wWEqz9iYAYk6EPhr+O5yZLRJYU9aIFlYsk=
github.com/pedroalbanese/zuc v0.0.0 h1:iq4qQuiuBqrlBJ5X/BqZTVyS66GuDcOOdh4FIZRmyCw=
github.com/pedroalbanese/zuc v0.0.0/go.mod h1:tPs9zG1ihb2U2nQO3zGMg8HPoC7IpKFOAY/VEv1KmsE=
github.com/pmezard/go-difflib v1.0.0 h1:4DBwDE0NGyQoBHbLQYPwSUPoCMWR5BEzIk/f1lZbAQM=
github.com/pmezard/go-difflib v1.0.0/go.mod h1:iKH77koFhYxTK1pcRnkKkqfTogsbg7gZNVY4sRDYZ/4=
github.com/prometheus/client_model v0.0.0-20190812154241-14fe0d1b01d4/go.mod h1:xMI15A0UPsDsEKsMN9yxemIoYk6Tm2C1GtYGdfGttqA=
github.com/rogpeppe/fastuuid v1.2.0/go.mod h1:jVj6XXZzXRy/MSR5jhDC/2q6DgLz+nrA6LYCDYWNEvQ=
github.com/sina-ghaderi/rabbitio v0.0.0-20220730151941-9ce26f4f872e h1:ur8uMsPIFG3i4Gi093BQITvwH9znsz2VUZmnmwHvpIo=
github.com/sina-ghaderi/rabbitio v0.0.0-20220730151941-9ce26f4f872e/go.mod h1:+e5fBW3bpPyo+3uLo513gIUblc03egGjMM0+5GKbzK8=
github.com/stretchr/objx v0.1.0/go.mod h1:HFkY916IF+rwdDfMAkV7OtwuqBVzrE8GR6GFx+wExME=
github.com/stretchr/testify v1.5.1/go.mod h1:5W2xD1RspED5o8YsWQXVCued0rvSQ+mT+I5cxcmMvtA=
github.com/stretchr/testify v1.7.0 h1:nwc3DEeHmmLAfoZucVR881uASk0Mfjw8xYJ99tb5CcY=
github.com/stretchr/testify v1.7.0/go.mod h1:6Fq8oRcR53rry900zMqJjRRixrwX3KX962/h/Wwjteg=
github.com/tjfoc/gmsm v1.2.0 h1:oTXUFetR8GphwGmUUxWFxrRZJTaDcZo1Lt2mRxlVzEI=
github.com/tjfoc/gmsm v1.2.0/go.mod h1:HaUcFuY0auTiaHB9MHFGCPx5IaLhTUd2atbCFBQXn9w=
github.com/ulikunitz/xz v0.5.6/go.mod h1:2bypXElzHzzJZwzH67Y6wb67pO62Rzfn7BSiF4ABRW8=
github.com/yi-jiayu/PRESENT.go v0.0.0-20180830042344-3a4450fb5c26 h1:np9aNHmc8zagloRbCr/ERwl8nqwC5zSbAuEGLUCHDfI=
github.com/yi-jiayu/PRESENT.go v0.0.0-20180830042344-3a4450fb5c26/go.mod h1:mVuUtpfwdSuOeyAqMcX4VWTl3gP9dKPvVnN43Vi1tV8=
github.com/yuin/goldmark v1.4.0/go.mod h1:mwnBkeHKe2W/ZEtQ+71ViKU8L12m81fl3OWwC1Zlc8k=
github.com/zeebo/assert v1.1.0 h1:hU1L1vLTHsnO8x8c9KAR5GmM5QscxHg5RNU5z5qbUWY=
github.com/zeebo/assert v1.1.0/go.mod h1:Pq9JiuJQpG8JLJdtkwrJESF0Foym2/D9XMU5ciN/wJ0=
github.com/zeebo/blake3 v0.2.3 h1:TFoLXsjeXqRNFxSbk35Dk4YtszE/MQQGK10BH4ptoTg=
github.com/zeebo/blake3 v0.2.3/go.mod h1:mjJjZpnsyIVtVgTOSpJ9vmRE4wgDeyt2HU3qXvvKCaQ=
github.com/zeebo/pcg v1.0.1 h1:lyqfGeWiv4ahac6ttHs+I5hwtH/+1mrhlCtVNQM2kHo=
github.com/zeebo/pcg v1.0.1/go.mod h1:09F0S9iiKrwn9rlI5yjLkmrug154/YRW6KnnXVDM/l4=
go.opentelemetry.io/proto/otlp v0.7.0/go.mod h1:PqfVotwruBrMGOCsRd/89rSnXhoiJIqeYNgFYFoEGnI=
golang.org/x/arch v0.0.0-20210923205945-b76863e36670/go.mod h1:5om86z9Hs0C8fWVUuoMHwpExlXzs5Tkyp9hOrfG7pp8=
golang.org/x/crypto v0.0.0-20190308221718-c2843e01d9a2/go.mod h1:djNgcEr1/C05ACkg1iLfiJU5Ep61QUkGW8qpdssI0+w=
golang.org/x/crypto v0.0.0-20191011191535-87dc89f01550/go.mod h1:yigFU9vqHzYiE8UmvKecakEJjdnWj3jj499lnFckfCI=
golang.org/x/crypto v0.0.0-20191219195013-becbf705a915/go.mod h1:LzIPMQfyMNhhGPhUkYOs5KpL4U8rLKemX1yGLhDgUto=
golang.org/x/crypto v0.0.0-20200622213623-75b288015ac9/go.mod h1:LzIPMQfyMNhhGPhUkYOs5KpL4U8rLKemX1yGLhDgUto=
golang.org/x/crypto v0.0.0-20210503195802-e9a32991a82e/go.mod h1:P+XmwS30IXTQdn5tA2iutPOUgjI07+tq3H3K9MVA1s8=
golang.org/x/crypto v0.0.0-20210711020723-a769d52b0f97/go.mod h1:GvvjBRRGRdwPK5ydBHafDWAxML/pGHZbMvKqRZ5+Abc=
golang.org/x/crypto v0.0.0-20210921155107-089bfa567519/go.mod h1:GvvjBRRGRdwPK5ydBHafDWAxML/pGHZbMvKqRZ5+Abc=
golang.org/x/crypto v0.0.0-20220722155217-630584e8d5aa h1:zuSxTR4o9y82ebqCUJYNGJbGPo6sKVl54f/TVDObg1c=
golang.org/x/crypto v0.0.0-20220722155217-630584e8d5aa/go.mod h1:IxCIyHEi3zRg3s0A5j5BB6A9Jmi73HwBIUl50j+osU4=
golang.org/x/exp v0.0.0-20190121172915-509febef88a4/go.mod h1:CJ0aWSM057203Lf6IL+f9T1iT9GByDxfZKAQTCR3kQA=
golang.org/x/lint v0.0.0-20181026193005-c67002cb31c3/go.mod h1:UVdnD1Gm6xHRNCYTkRU2/jEulfH38KcIWyp/GAMgvoE=
golang.org/x/lint v0.0.0-20190227174305-5b3e6a55c961/go.mod h1:wehouNa3lNwaWXcvxsM5YxQ5yQlVC4a0KAMCusXpPoU=
golang.org/x/lint v0.0.0-20190313153728-d0100b6bd8b3/go.mod h1:6SW0HCj/g11FgYtHlgUYUwCkIfeOF89ocIRzGO/8vkc=
golang.org/x/mod v0.4.2/go.mod h1:s0Qsj1ACt9ePp/hMypM3fl4fZqREWJwdYDEqhRiZZUA=
golang.org/x/net v0.0.0-20180724234803-3673e40ba225/go.mod h1:mL1N/T3taQHkDXs73rZJwtUhF3w3ftmwwsq0BUmARs4=
golang.org/x/net v0.0.0-20180826012351-8a410e7b638d/go.mod h1:mL1N/T3taQHkDXs73rZJwtUhF3w3ftmwwsq0BUmARs4=
golang.org/x/net v0.0.0-20190108225652-1e06a53dbb7e/go.mod h1:mL1N/T3taQHkDXs73rZJwtUhF3w3ftmwwsq0BUmARs4=
golang.org/x/net v0.0.0-20190213061140-3a22650c66bd/go.mod h1:mL1N/T3taQHkDXs73rZJwtUhF3w3ftmwwsq0BUmARs4=
golang.org/x/net v0.0.0-20190311183353-d8887717615a/go.mod h1:t9HGtf8HONx5eT2rtn7q6eTqICYqUVnKs3thJo3Qplg=
golang.org/x/net v0.0.0-20190404232315-eb5bcb51f2a3/go.mod h1:t9HGtf8HONx5eT2rtn7q6eTqICYqUVnKs3thJo3Qplg=
golang.org/x/net v0.0.0-20190620200207-3b0461eec859/go.mod h1:z5CRVTTTmAJ677TzLLGU+0bjPO0LkuOLi4/5GtJWs/s=
golang.org/x/net v0.0.0-20191209160850-c0dbc17a3553/go.mod h1:z5CRVTTTmAJ677TzLLGU+0bjPO0LkuOLi4/5GtJWs/s=
golang.org/x/net v0.0.0-20200822124328-c89045814202/go.mod h1:/O7V0waA8r7cgGh81Ro3o1hOxt32SMVPicZroKQ2sZA=
golang.org/x/net v0.0.0-20210226172049-e18ecbb05110/go.mod h1:m0MpNAwzfU5UDzcl9v0D8zg8gWTRqZa9RBIspLL5mdg=
golang.org/x/net v0.0.0-20210805182204-aaa1db679c0d/go.mod h1:9nx3DQGgdP8bBQD5qxJ1jj9UTztislL4KSBs9R2vV5Y=
golang.org/x/net v0.0.0-20211029224645-99673261e6eb/go.mod h1:9nx3DQGgdP8bBQD5qxJ1jj9UTztislL4KSBs9R2vV5Y=
golang.org/x/net v0.0.0-20211108170745-6635138e15ea/go.mod h1:9nx3DQGgdP8bBQD5qxJ1jj9UTztislL4KSBs9R2vV5Y=
golang.org/x/net v0.0.0-20211112202133-69e39bad7dc2/go.mod h1:9nx3DQGgdP8bBQD5qxJ1jj9UTztislL4KSBs9R2vV5Y=
golang.org/x/oauth2 v0.0.0-20180821212333-d2e6202438be/go.mod h1:N/0e6XlmueqKjAGxoOufVs8QHGRruUQn6yWY3a++T0U=
golang.org/x/oauth2 v0.0.0-20200107190931-bf48bf16ab8d/go.mod h1:gOpvHmFTYa4IltrdGE7lF6nIHvwfUNPOp7c8zoXwtLw=
golang.org/x/sync v0.0.0-20180314180146-1d60e4601c6f/go.mod h1:RxMgew5VJxzue5/jJTE5uejpjVlOe/izrB70Jof72aM=
golang.org/x/sync v0.0.0-20181108010431-42b317875d0f/go.mod h1:RxMgew5VJxzue5/jJTE5uejpjVlOe/izrB70Jof72aM=
golang.org/x/sync v0.0.0-20181221193216-37e7f081c4d4/go.mod h1:RxMgew5VJxzue5/jJTE5uejpjVlOe/izrB70Jof72aM=
golang.org/x/sync v0.0.0-20190423024810-112230192c58/go.mod h1:RxMgew5VJxzue5/jJTE5uejpjVlOe/izrB70Jof72aM=
golang.org/x/sync v0.0.0-20210220032951-036812b2e83c/go.mod h1:RxMgew5VJxzue5/jJTE5uejpjVlOe/izrB70Jof72aM=
golang.org/x/sys v0.0.0-20180830151530-49385e6e1522/go.mod h1:STP8DvDyc/dI5b8T5hshtkjS+E42TnysNCUPdjciGhY=
golang.org/x/sys v0.0.0-20190215142949-d0b11bdaac8a/go.mod h1:STP8DvDyc/dI5b8T5hshtkjS+E42TnysNCUPdjciGhY=
golang.org/x/sys v0.0.0-20190412213103-97732733099d/go.mod h1:h1NjWce9XRLGQEsW7wpKNCjG9DtNlClVuFLEZdDNbEs=
golang.org/x/sys v0.0.0-20200323222414-85ca7c5b95cd/go.mod h1:h1NjWce9XRLGQEsW7wpKNCjG9DtNlClVuFLEZdDNbEs=
golang.org/x/sys v0.0.0-20201119102817-f84b799fce68/go.mod h1:h1NjWce9XRLGQEsW7wpKNCjG9DtNlClVuFLEZdDNbEs=
golang.org/x/sys v0.0.0-20210423082822-04245dca01da/go.mod h1:h1NjWce9XRLGQEsW7wpKNCjG9DtNlClVuFLEZdDNbEs=
golang.org/x/sys v0.0.0-20210615035016-665e8c7367d1/go.mod h1:oPkhp1MJrh7nUepCBck5+mAzfO9JrbApNNgaTdGDITg=
golang.org/x/sys v0.0.0-20210809222454-d867a43fc93e/go.mod h1:oPkhp1MJrh7nUepCBck5+mAzfO9JrbApNNgaTdGDITg=
golang.org/x/sys v0.0.0-20211030160813-b3129d9d1021/go.mod h1:oPkhp1MJrh7nUepCBck5+mAzfO9JrbApNNgaTdGDITg=
golang.org/x/sys v0.0.0-20220728004956-3c1f35247d10 h1:WIoqL4EROvwiPdUtaip4VcDdpZ4kha7wBWZrbVKCIZg=
golang.org/x/sys v0.0.0-20220728004956-3c1f35247d10/go.mod h1:oPkhp1MJrh7nUepCBck5+mAzfO9JrbApNNgaTdGDITg=
golang.org/x/term v0.0.0-20201126162022-7de9c90e9dd1/go.mod h1:bj7SfCRtBDWHUb9snDiAeCFNEtKQo2Wmx5Cou7ajbmo=
golang.org/x/text v0.3.0/go.mod h1:NqM8EUOU14njkJ3fqMW+pc6Ldnwhi/IjpwHt7yyuwOQ=
golang.org/x/text v0.3.3/go.mod h1:5Zoc/QRtKVWzQhOtBMvqHzDpF6irO9z98xDceosuGiQ=
golang.org/x/text v0.3.6/go.mod h1:5Zoc/QRtKVWzQhOtBMvqHzDpF6irO9z98xDceosuGiQ=
golang.org/x/tools v0.0.0-20180917221912-90fa682c2a6e/go.mod h1:n7NCudcB/nEzxVGmLbDWY5pfWTLqBcC2KZ6jyYvM4mQ=
golang.org/x/tools v0.0.0-20190114222345-bf090417da8b/go.mod h1:n7NCudcB/nEzxVGmLbDWY5pfWTLqBcC2KZ6jyYvM4mQ=
golang.org/x/tools v0.0.0-20190226205152-f727befe758c/go.mod h1:9Yl7xja0Znq3iFh3HoIrodX9oNMXvdceNzlUR8zjMvY=
golang.org/x/tools v0.0.0-20190311212946-11955173bddd/go.mod h1:LCzVGOaR6xXOjkQ3onu1FJEFr0SW1gC7cKk1uF8kGRs=
golang.org/x/tools v0.0.0-20190524140312-2c0ae7006135/go.mod h1:RgjU9mgBXZiqYHBnxXauZ1Gv1EHHAz9KjViQ78xBX0Q=
golang.org/x/tools v0.0.0-20191119224855-298f0cb1881e/go.mod h1:b+2E5dAYhXwXZwtnZ6UAqBI28+e2cm9otk0dWdXHAEo=
golang.org/x/tools v0.1.7/go.mod h1:LGqMHiF4EqQNHR1JncWGqT5BVaXmza+X+BDGol+dOxo=
golang.org/x/xerrors v0.0.0-20190717185122-a985d3407aa7/go.mod h1:I/5z698sn9Ka8TeJc9MKroUUfqBBauWjQqLJ2OPfmY0=
golang.org/x/xerrors v0.0.0-20191011141410-1b5146add898/go.mod h1:I/5z698sn9Ka8TeJc9MKroUUfqBBauWjQqLJ2OPfmY0=
golang.org/x/xerrors v0.0.0-20191204190536-9bdfabe68543/go.mod h1:I/5z698sn9Ka8TeJc9MKroUUfqBBauWjQqLJ2OPfmY0=
golang.org/x/xerrors v0.0.0-20200804184101-5ec99f83aff1/go.mod h1:I/5z698sn9Ka8TeJc9MKroUUfqBBauWjQqLJ2OPfmY0=
google.golang.org/appengine v1.1.0/go.mod h1:EbEs0AVv82hx2wNQdGPgUI5lhzA/G0D9YwlJXL52JkM=
google.golang.org/appengine v1.4.0/go.mod h1:xpcJRLb0r/rnEns0DIKYYv+WjYCduHsrkT7/EB5XEv4=
google.golang.org/genproto v0.0.0-20180817151627-c66870c02cf8/go.mod h1:JiN7NxoALGmiZfu7CAH4rXhgtRTLTxftemlI0sWmxmc=
google.golang.org/genproto v0.0.0-20190819201941-24fa4b261c55/go.mod h1:DMBHOl98Agz4BDEuKkezgsaosCRResVns1a3J2ZsMNc=
google.golang.org/genproto v0.0.0-20200513103714-09dca8ec2884/go.mod h1:55QSHmfGQM9UVYDPBsyGGes0y52j32PQ3BqQfXhyH3c=
google.golang.org/genproto v0.0.0-20200526211855-cb27e3aa2013/go.mod h1:NbSheEEYHJ7i3ixzK3sjbqSGDJWnxyFXZblF3eUsNvo=
google.golang.org/grpc v1.19.0/go.mod h1:mqu4LbDTu4XGKhr4mRzUsmM4RtVoemTSY81AxZiDr8c=
google.golang.org/grpc v1.23.0/go.mod h1:Y5yQAOtifL1yxbo5wqy6BxZv8vAUGQwXBOALyacEbxg=
google.golang.org/grpc v1.25.1/go.mod h1:c3i+UQWmh7LiEpx4sFZnkU36qjEYZ0imhYfXVyQciAY=
google.golang.org/grpc v1.26.0/go.mod h1:qbnxyOmOxrQa7FizSgH+ReBfzJrCY1pSN7KXBS8abTk=
google.golang.org/grpc v1.27.0/go.mod h1:qbnxyOmOxrQa7FizSgH+ReBfzJrCY1pSN7KXBS8abTk=
google.golang.org/grpc v1.33.1/go.mod h1:fr5YgcSWrqhRRxogOsw7RzIpsmvOZ6IcH4kBYTpR3n0=
google.golang.org/grpc v1.36.0/go.mod h1:qjiiYl8FncCW8feJPdyg3v6XW24KsRHe+dy9BAGRRjU=
google.golang.org/grpc v1.42.0/go.mod h1:k+4IHHFw41K8+bbowsex27ge2rCb65oeWqe4jJ590SU=
google.golang.org/protobuf v0.0.0-20200109180630-ec00e32a8dfd/go.mod h1:DFci5gLYBciE7Vtevhsrf46CRTquxDuWsQurQQe4oz8=
google.golang.org/protobuf v0.0.0-20200221191635-4d8936d0db64/go.mod h1:kwYJMbMJ01Woi6D6+Kah6886xMZcty6N08ah7+eCXa0=
google.golang.org/protobuf v0.0.0-20200228230310-ab0ca4ff8a60/go.mod h1:cfTl7dwQJ+fmap5saPgwCLgHXTUD7jkjRqWcaiX5VyM=
google.golang.org/protobuf v1.20.1-0.20200309200217-e05f789c0967/go.mod h1:A+miEFZTKqfCUM6K7xSMQL9OKL/b6hQv+e19PK+JZNE=
google.golang.org/protobuf v1.21.0/go.mod h1:47Nbq4nVaFHyn7ilMalzfO3qCViNmqZ2kzikPIcrTAo=
google.golang.org/protobuf v1.22.0/go.mod h1:EGpADcykh3NcUnDUJcl1+ZksZNG86OlYog2l/sGQquU=
google.golang.org/protobuf v1.23.0/go.mod h1:EGpADcykh3NcUnDUJcl1+ZksZNG86OlYog2l/sGQquU=
google.golang.org/protobuf v1.23.1-0.20200526195155-81db48ad09cc/go.mod h1:EGpADcykh3NcUnDUJcl1+ZksZNG86OlYog2l/sGQquU=
google.golang.org/protobuf v1.25.0/go.mod h1:9JNX74DMeImyA3h4bdi1ymwjUzf21/xIlbajtzgsN7c=
google.golang.org/protobuf v1.26.0-rc.1/go.mod h1:jlhhOSvTdKEhbULTjvd4ARK9grFBp09yW+WbY/TyQbw=
google.golang.org/protobuf v1.26.0/go.mod h1:9q0QmTI4eRPtz6boOQmLYwt+qCgq0jsYwAQnmE0givc=
gopkg.in/check.v1 v0.0.0-20161208181325-20d25e280405 h1:yhCVgyC4o1eVCa2tZl7eS0r+SDo693bJlVdllGtEeKM=
gopkg.in/check.v1 v0.0.0-20161208181325-20d25e280405/go.mod h1:Co6ibVJAznAaIkqp8huTwlJQCZ016jof/cbN4VW5Yz0=
gopkg.in/yaml.v2 v2.2.2/go.mod h1:hI93XBmqTisBFMUTm0b8Fm+jr3Dg1NNxqwp+5A1VGuI=
gopkg.in/yaml.v2 v2.2.3/go.mod h1:hI93XBmqTisBFMUTm0b8Fm+jr3Dg1NNxqwp+5A1VGuI=
gopkg.in/yaml.v3 v3.0.0-20200313102051-9f266ea9e77c h1:dUUwHk2QECo/6vqA44rthZ8ie2QXMNeKRTHCNY2nXvo=
gopkg.in/yaml.v3 v3.0.0-20200313102051-9f266ea9e77c/go.mod h1:K4uyk7z7BCEPqu6E+C64Yfv1cQ7kz7rIZviUmN+EgEM=
honnef.co/go/tools v0.0.0-20190102054323-c2f93a96b099/go.mod h1:rf3lG4BRIbNafJWhAfAdb/ePZxsR/4RtNHQocxwk9r4=
honnef.co/go/tools v0.0.0-20190523083050-ea95bdfd59fc/go.mod h1:rf3lG4BRIbNafJWhAfAdb/ePZxsR/4RtNHQocxwk9r4=
rsc.io/pdf v0.1.1/go.mod h1:n8OzWcQ6Sp37PL01nO98y4iUCRdTGarVfzxY20ICaU4=
vimagination.zapto.org/memio v1.0.0 h1:r0GDf430aNuGpOAV57UTvbUzAf82UclRyGG/pBp1uvU=
vimagination.zapto.org/memio v1.0.0/go.mod h1:zHGDKp2tyvF4IAfLti4pKYqCJucXYmmKMb3UMrCHK/4=
